lockfileVersion: 5.4

specifiers:
  ...: link:...
  freeact: link:../..
  node-calls-python: ^1.7.5

dependencies:
  ...: link:...
  freeact: link:../..
  node-calls-python: 1.7.5

packages:

  /node-calls-python/1.7.5:
    resolution: {integrity: sha512-ugzfAxIUm4L5S5paQMzrvusTeaHUyO0SenBO2HUUzoivylHigvtyHbOkAFkJmlMXQzklgS4bEMv/gxx83YzR1g==}
    requiresBuild: true
    dev: false
